// !$*UTF8*$!
{
	archiveVersion = 1;
	classes = {
	};
	objectVersion = 50;
	objects = {

/* Begin PBXBuildFile section */
		604E0B5A2615E13400F00D68 /* 20210401(480).swift in Sources */ = {isa = PBXBuildFile; fileRef = 604E0B592615E13400F00D68 /* 20210401(480).swift */; };
		6051E0BD260DDF9B003C817E /* (4).swift in Sources */ = {isa = PBXBuildFile; fileRef = 6051E0BC260DDF9B003C817E /* (4).swift */; };
		6051E0C0260ED566003C817E /* 20210327(61)(5).swift in Sources */ = {isa = PBXBuildFile; fileRef = 6051E0BF260ED566003C817E /* 20210327(61)(5).swift */; };
		605BD91D26019330009A397C /* 20210317(54).swift in Sources */ = {isa = PBXBuildFile; fileRef = 605BD91C26019330009A397C /* 20210317(54).swift */; };
		605CA3E1260C87D60029C403 /* 20210325(82).swift in Sources */ = {isa = PBXBuildFile; fileRef = 605CA3E0260C87D60029C403 /* 20210325(82).swift */; };
		605CD8432612F25500E8B4D5 /* 20210330.swift in Sources */ = {isa = PBXBuildFile; fileRef = 605CD8422612F25500E8B4D5 /* 20210330.swift */; };
		605F80BB2616A0C7004B5D35 /* 20210402(42).swift in Sources */ = {isa = PBXBuildFile; fileRef = 605F80BA2616A0C7004B5D35 /* 20210402(42).swift */; };
		605FE84B260AC34500990F70 /* 20210324(456).swift in Sources */ = {isa = PBXBuildFile; fileRef = 605FE84A260AC34500990F70 /* 20210324(456).swift */; };
		6060F65C26183275006160C4 /* 20210403(1143).swift in Sources */ = {isa = PBXBuildFile; fileRef = 6060F65B26183275006160C4 /* 20210403(1143).swift */; };
		6060F65F261960AB006160C4 /* 20210404(781).swift in Sources */ = {isa = PBXBuildFile; fileRef = 6060F65E261960AB006160C4 /* 20210404(781).swift */; };
		6060F665261A84BF006160C4 /* 20210405(88).swift in Sources */ = {isa = PBXBuildFile; fileRef = 6060F664261A84BF006160C4 /* 20210405(88).swift */; };
		6061577B2610550100CCCF93 /* 20210328(173).swift in Sources */ = {isa = PBXBuildFile; fileRef = 6061577A2610550100CCCF93 /* 20210328(173).swift */; };
		6062541725FD9D0000BBB40B /* 20210314(706).swift in Sources */ = {isa = PBXBuildFile; fileRef = 6062541625FD9D0000BBB40B /* 20210314(706).swift */; };
		60638D2826141879007AB9C2 /* 20210331(90).swift in Sources */ = {isa = PBXBuildFile; fileRef = 60638D2726141879007AB9C2 /* 20210331(90).swift */; };
		60639C232606F5570007D653 /* 20210321(73).swift in Sources */ = {isa = PBXBuildFile; fileRef = 60639C222606F5570007D653 /* 20210321(73).swift */; };
		606440EB260DA31E00B2369B /* 20210326(83).swift in Sources */ = {isa = PBXBuildFile; fileRef = 606440EA260DA31E00B2369B /* 20210326(83).swift */; };
		60645F1D2602F7560072E202 /* 20210318(59).swift in Sources */ = {isa = PBXBuildFile; fileRef = 60645F1C2602F7560072E202 /* 20210318(59).swift */; };
		6070A6A126116E5D00C8B713 /* 20210329(190).swift in Sources */ = {isa = PBXBuildFile; fileRef = 6070A6A026116E5D00C8B713 /* 20210329(190).swift */; };
		60793C19259FED9200DF261D /* main.swift in Sources */ = {isa = PBXBuildFile; fileRef = 60793C18259FED9200DF261D /* main.swift */; };
		60793C21259FEDA100DF261D /* 210101(605).swift in Sources */ = {isa = PBXBuildFile; fileRef = 60793C20259FEDA100DF261D /* 210101(605).swift */; };
		60793C5725A4A5C400DF261D /* 210105(830).swift in Sources */ = {isa = PBXBuildFile; fileRef = 60793C5625A4A5C400DF261D /* 210105(830).swift */; };
		60793C5B25A5B0A800DF261D /* 210106(399).swift in Sources */ = {isa = PBXBuildFile; fileRef = 60793C5A25A5B0A800DF261D /* 210106(399).swift */; };
		60793C6125A6C93000DF261D /* 210104(509).swift in Sources */ = {isa = PBXBuildFile; fileRef = 60793C6025A6C93000DF261D /* 210104(509).swift */; };
		60793C6425A6CF8900DF261D /* 210107(547).swift in Sources */ = {isa = PBXBuildFile; fileRef = 60793C6325A6CF8900DF261D /* 210107(547).swift */; };
		60793C6D25A86EE000DF261D /* 210108(189).swift in Sources */ = {isa = PBXBuildFile; fileRef = 60793C6C25A86EE000DF261D /* 210108(189).swift */; };
		608FB1F925AAAB4C0038625E /* 210110(228).swift in Sources */ = {isa = PBXBuildFile; fileRef = 608FB1F825AAAB4C0038625E /* 210110(228).swift */; };
		608FB23325AED5A00038625E /* 210113(684).swift in Sources */ = {isa = PBXBuildFile; fileRef = 608FB23225AED5A00038625E /* 210113(684).swift */; };
		608FB23725AF39640038625E /* 210113-2(56).swift in Sources */ = {isa = PBXBuildFile; fileRef = 608FB23625AF39640038625E /* 210113-2(56).swift */; };
		608FB23E25B09A5C0038625E /* 210114(1018).swift in Sources */ = {isa = PBXBuildFile; fileRef = 608FB23D25B09A5C0038625E /* 210114(1018).swift */; };
		608FB24225B2F7E00038625E /* 210115(947).swift in Sources */ = {isa = PBXBuildFile; fileRef = 608FB24125B2F7E00038625E /* 210115(947).swift */; };
		608FB24725B527090038625E /* 210117(1232).swift in Sources */ = {isa = PBXBuildFile; fileRef = 608FB24625B527090038625E /* 210117(1232).swift */; };
		608FB24B25B52E160038625E /* 210118(721).swift in Sources */ = {isa = PBXBuildFile; fileRef = 608FB24A25B52E160038625E /* 210118(721).swift */; };
		608FB24F25B7C7240038625E /* 210120(678).swift in Sources */ = {isa = PBXBuildFile; fileRef = 608FB24E25B7C7240038625E /* 210120(678).swift */; };
		608FB26E25BB0AF60038625E /* 210122(989).swift in Sources */ = {isa = PBXBuildFile; fileRef = 608FB26D25BB0AF60038625E /* 210122(989).swift */; };
		608FB27225BD265C0038625E /* 210124.swift in Sources */ = {isa = PBXBuildFile; fileRef = 608FB27125BD265C0038625E /* 210124.swift */; };
		60A4D0F425EBD55200147888 /* 210228(896).swift in Sources */ = {isa = PBXBuildFile; fileRef = 60A4D0F325EBD55200147888 /* 210228(896).swift */; };
		60A4D0F725EC739200147888 /* 20210301(303).swift in Sources */ = {isa = PBXBuildFile; fileRef = 60A4D0F625EC739200147888 /* 20210301(303).swift */; };
		60A4D11825EE61DF00147888 /* 20210302(304).swift in Sources */ = {isa = PBXBuildFile; fileRef = 60A4D11725EE61DF00147888 /* 20210302(304).swift */; };
		60A4D11C25EF25B500147888 /* 20210303(338).swift in Sources */ = {isa = PBXBuildFile; fileRef = 60A4D11B25EF25B500147888 /* 20210303(338).swift */; };
		60A4D14625F06C4D00147888 /* 20210304(354).swift in Sources */ = {isa = PBXBuildFile; fileRef = 60A4D14525F06C4D00147888 /* 20210304(354).swift */; };
		60A5925B26083C46009F3972 /* 20210322(191).swift in Sources */ = {isa = PBXBuildFile; fileRef = 60A5925A26083C46009F3972 /* 20210322(191).swift */; };
		60ACEF0825C7ACE20070E394 /* 210201(888).swift in Sources */ = {isa = PBXBuildFile; fileRef = 60ACEF0725C7ACE20070E394 /* 210201(888).swift */; };
		60ACEF0E25C978B70070E394 /* 210202(424).swift in Sources */ = {isa = PBXBuildFile; fileRef = 60ACEF0D25C978B70070E394 /* 210202(424).swift */; };
		60C46A5125FC5D38003554B0 /* 20210305(232).swift in Sources */ = {isa = PBXBuildFile; fileRef = 60C46A5025FC5D38003554B0 /* 20210305(232).swift */; };
		60C46A5425FC6168003554B0 /* 0313(705)滑动窗口.swift in Sources */ = {isa = PBXBuildFile; fileRef = 60C46A5325FC6168003554B0 /* 0313(705)滑动窗口.swift */; };
/* End PBXBuildFile section */

/* Begin PBXCopyFilesBuildPhase section */
		60793C13259FED9200DF261D /* CopyFiles */ = {
			isa = PBXCopyFilesBuildPhase;
			buildActionMask = 2147483647;
			dstPath = /usr/share/man/man1/;
			dstSubfolderSpec = 0;
			files = (
			);
			runOnlyForDeploymentPostprocessing = 1;
		};
/* End PBXCopyFilesBuildPhase section */

/* Begin PBXFileReference section */
		604E0B592615E13400F00D68 /* 20210401(480).swift */ = {isa = PBXFileReference; lastKnownFileType = sourcecode.swift; path = "20210401(480).swift"; sourceTree = "<group>"; };
		6051E0BC260DDF9B003C817E /* (4).swift */ = {isa = PBXFileReference; lastKnownFileType = sourcecode.swift; path = "(4).swift"; sourceTree = "<group>"; };
		6051E0BF260ED566003C817E /* 20210327(61)(5).swift */ = {isa = PBXFileReference; lastKnownFileType = sourcecode.swift; path = "20210327(61)(5).swift"; sourceTree = "<group>"; };
		605BD91C26019330009A397C /* 20210317(54).swift */ = {isa = PBXFileReference; lastKnownFileType = sourcecode.swift; path = "20210317(54).swift"; sourceTree = "<group>"; };
		605CA3E0260C87D60029C403 /* 20210325(82).swift */ = {isa = PBXFileReference; lastKnownFileType = sourcecode.swift; path = "20210325(82).swift"; sourceTree = "<group>"; };
		605CD8422612F25500E8B4D5 /* 20210330.swift */ = {isa = PBXFileReference; lastKnownFileType = sourcecode.swift; path = 20210330.swift; sourceTree = "<group>"; };
		605F80BA2616A0C7004B5D35 /* 20210402(42).swift */ = {isa = PBXFileReference; lastKnownFileType = sourcecode.swift; path = "20210402(42).swift"; sourceTree = "<group>"; };
		605FE84A260AC34500990F70 /* 20210324(456).swift */ = {isa = PBXFileReference; lastKnownFileType = sourcecode.swift; path = "20210324(456).swift"; sourceTree = "<group>"; };
		6060F65B26183275006160C4 /* 20210403(1143).swift */ = {isa = PBXFileReference; lastKnownFileType = sourcecode.swift; path = "20210403(1143).swift"; sourceTree = "<group>"; };
		6060F65E261960AB006160C4 /* 20210404(781).swift */ = {isa = PBXFileReference; lastKnownFileType = sourcecode.swift; path = "20210404(781).swift"; sourceTree = "<group>"; };
		6060F664261A84BF006160C4 /* 20210405(88).swift */ = {isa = PBXFileReference; lastKnownFileType = sourcecode.swift; path = "20210405(88).swift"; sourceTree = "<group>"; };
		6061577A2610550100CCCF93 /* 20210328(173).swift */ = {isa = PBXFileReference; lastKnownFileType = sourcecode.swift; path = "20210328(173).swift"; sourceTree = "<group>"; };
		6062541625FD9D0000BBB40B /* 20210314(706).swift */ = {isa = PBXFileReference; lastKnownFileType = sourcecode.swift; path = "20210314(706).swift"; sourceTree = "<group>"; };
		60638D2726141879007AB9C2 /* 20210331(90).swift */ = {isa = PBXFileReference; lastKnownFileType = sourcecode.swift; path = "20210331(90).swift"; sourceTree = "<group>"; };
		60639C222606F5570007D653 /* 20210321(73).swift */ = {isa = PBXFileReference; lastKnownFileType = sourcecode.swift; path = "20210321(73).swift"; sourceTree = "<group>"; };
		606440EA260DA31E00B2369B /* 20210326(83).swift */ = {isa = PBXFileReference; lastKnownFileType = sourcecode.swift; path = "20210326(83).swift"; sourceTree = "<group>"; };
		60645F1C2602F7560072E202 /* 20210318(59).swift */ = {isa = PBXFileReference; lastKnownFileType = sourcecode.swift; path = "20210318(59).swift"; sourceTree = "<group>"; };
		6070A6A026116E5D00C8B713 /* 20210329(190).swift */ = {isa = PBXFileReference; lastKnownFileType = sourcecode.swift; path = "20210329(190).swift"; sourceTree = "<group>"; };
		60793C15259FED9200DF261D /* 2021Leetcode */ = {isa = PBXFileReference; explicitFileType = "compiled.mach-o.executable"; includeInIndex = 0; path = 2021Leetcode; sourceTree = BUILT_PRODUCTS_DIR; };
		60793C18259FED9200DF261D /* main.swift */ = {isa = PBXFileReference; lastKnownFileType = sourcecode.swift; path = main.swift; sourceTree = "<group>"; };
		60793C20259FEDA100DF261D /* 210101(605).swift */ = {isa = PBXFileReference; lastKnownFileType = sourcecode.swift; path = "210101(605).swift"; sourceTree = "<group>"; };
		60793C5625A4A5C400DF261D /* 210105(830).swift */ = {isa = PBXFileReference; lastKnownFileType = sourcecode.swift; path = "210105(830).swift"; sourceTree = "<group>"; };
		60793C5A25A5B0A800DF261D /* 210106(399).swift */ = {isa = PBXFileReference; lastKnownFileType = sourcecode.swift; path = "210106(399).swift"; sourceTree = "<group>"; };
		60793C6025A6C93000DF261D /* 210104(509).swift */ = {isa = PBXFileReference; lastKnownFileType = sourcecode.swift; path = "210104(509).swift"; sourceTree = "<group>"; };
		60793C6325A6CF8900DF261D /* 210107(547).swift */ = {isa = PBXFileReference; lastKnownFileType = sourcecode.swift; path = "210107(547).swift"; sourceTree = "<group>"; };
		60793C6C25A86EE000DF261D /* 210108(189).swift */ = {isa = PBXFileReference; lastKnownFileType = sourcecode.swift; path = "210108(189).swift"; sourceTree = "<group>"; };
		608FB1F825AAAB4C0038625E /* 210110(228).swift */ = {isa = PBXFileReference; lastKnownFileType = sourcecode.swift; path = "210110(228).swift"; sourceTree = "<group>"; };
		608FB23225AED5A00038625E /* 210113(684).swift */ = {isa = PBXFileReference; lastKnownFileType = sourcecode.swift; path = "210113(684).swift"; sourceTree = "<group>"; };
		608FB23625AF39640038625E /* 210113-2(56).swift */ = {isa = PBXFileReference; lastKnownFileType = sourcecode.swift; path = "210113-2(56).swift"; sourceTree = "<group>"; };
		608FB23D25B09A5C0038625E /* 210114(1018).swift */ = {isa = PBXFileReference; lastKnownFileType = sourcecode.swift; path = "210114(1018).swift"; sourceTree = "<group>"; };
		608FB24125B2F7E00038625E /* 210115(947).swift */ = {isa = PBXFileReference; lastKnownFileType = sourcecode.swift; path = "210115(947).swift"; sourceTree = "<group>"; };
		608FB24625B527090038625E /* 210117(1232).swift */ = {isa = PBXFileReference; lastKnownFileType = sourcecode.swift; path = "210117(1232).swift"; sourceTree = "<group>"; };
		608FB24A25B52E160038625E /* 210118(721).swift */ = {isa = PBXFileReference; lastKnownFileType = sourcecode.swift; path = "210118(721).swift"; sourceTree = "<group>"; };
		608FB24E25B7C7240038625E /* 210120(678).swift */ = {isa = PBXFileReference; lastKnownFileType = sourcecode.swift; path = "210120(678).swift"; sourceTree = "<group>"; };
		608FB26D25BB0AF60038625E /* 210122(989).swift */ = {isa = PBXFileReference; lastKnownFileType = sourcecode.swift; path = "210122(989).swift"; sourceTree = "<group>"; };
		608FB27125BD265C0038625E /* 210124.swift */ = {isa = PBXFileReference; lastKnownFileType = sourcecode.swift; path = 210124.swift; sourceTree = "<group>"; };
		60A4D0F325EBD55200147888 /* 210228(896).swift */ = {isa = PBXFileReference; lastKnownFileType = sourcecode.swift; path = "210228(896).swift"; sourceTree = "<group>"; };
		60A4D0F625EC739200147888 /* 20210301(303).swift */ = {isa = PBXFileReference; lastKnownFileType = sourcecode.swift; path = "20210301(303).swift"; sourceTree = "<group>"; };
		60A4D11725EE61DF00147888 /* 20210302(304).swift */ = {isa = PBXFileReference; lastKnownFileType = sourcecode.swift; path = "20210302(304).swift"; sourceTree = "<group>"; };
		60A4D11B25EF25B500147888 /* 20210303(338).swift */ = {isa = PBXFileReference; lastKnownFileType = sourcecode.swift; path = "20210303(338).swift"; sourceTree = "<group>"; };
		60A4D14525F06C4D00147888 /* 20210304(354).swift */ = {isa = PBXFileReference; lastKnownFileType = sourcecode.swift; path = "20210304(354).swift"; sourceTree = "<group>"; };
		60A5925A26083C46009F3972 /* 20210322(191).swift */ = {isa = PBXFileReference; lastKnownFileType = sourcecode.swift; path = "20210322(191).swift"; sourceTree = "<group>"; };
		60ACEF0725C7ACE20070E394 /* 210201(888).swift */ = {isa = PBXFileReference; lastKnownFileType = sourcecode.swift; path = "210201(888).swift"; sourceTree = "<group>"; };
		60ACEF0D25C978B70070E394 /* 210202(424).swift */ = {isa = PBXFileReference; lastKnownFileType = sourcecode.swift; path = "210202(424).swift"; sourceTree = "<group>"; };
		60C46A5025FC5D38003554B0 /* 20210305(232).swift */ = {isa = PBXFileReference; lastKnownFileType = sourcecode.swift; path = "20210305(232).swift"; sourceTree = "<group>"; };
		60C46A5325FC6168003554B0 /* 0313(705)滑动窗口.swift */ = {isa = PBXFileReference; lastKnownFileType = sourcecode.swift; path = "0313(705)滑动窗口.swift"; sourceTree = "<group>"; };
/* End PBXFileReference section */

/* Begin PBXFrameworksBuildPhase section */
		60793C12259FED9200DF261D /* Frameworks */ = {
			isa = PBXFrameworksBuildPhase;
			buildActionMask = 2147483647;
			files = (
			);
			runOnlyForDeploymentPostprocessing = 0;
		};
/* End PBXFrameworksBuildPhase section */

/* Begin PBXGroup section */
		604E0B5C2615E14200F00D68 /* 4月 */ = {
			isa = PBXGroup;
			children = (
				604E0B592615E13400F00D68 /* 20210401(480).swift */,
				605F80BA2616A0C7004B5D35 /* 20210402(42).swift */,
				6060F65B26183275006160C4 /* 20210403(1143).swift */,
				6060F65E261960AB006160C4 /* 20210404(781).swift */,
				6060F664261A84BF006160C4 /* 20210405(88).swift */,
			);
			name = "4月";
			path = ..;
			sourceTree = "<group>";
		};
		60793C0C259FED9200DF261D = {
			isa = PBXGroup;
			children = (
				60793C17259FED9200DF261D /* 2021Leetcode */,
				60793C16259FED9200DF261D /* Products */,
			);
			sourceTree = "<group>";
		};
		60793C16259FED9200DF261D /* Products */ = {
			isa = PBXGroup;
			children = (
				60793C15259FED9200DF261D /* 2021Leetcode */,
			);
			name = Products;
			sourceTree = "<group>";
		};
		60793C17259FED9200DF261D /* 2021Leetcode */ = {
			isa = PBXGroup;
			children = (
				60793C18259FED9200DF261D /* main.swift */,
				60793C23259FEDA900DF261D /* 1月 */,
				60ACEF0A25C7ACE70070E394 /* 2月 */,
				60A4D0F925EC739900147888 /* 3月 */,
				604E0B5C2615E14200F00D68 /* 4月 */,
			);
			path = 2021Leetcode;
			sourceTree = "<group>";
		};
		60793C23259FEDA900DF261D /* 1月 */ = {
			isa = PBXGroup;
			children = (
				60793C20259FEDA100DF261D /* 210101(605).swift */,
				60793C6025A6C93000DF261D /* 210104(509).swift */,
				60793C5625A4A5C400DF261D /* 210105(830).swift */,
				60793C5A25A5B0A800DF261D /* 210106(399).swift */,
				60793C6325A6CF8900DF261D /* 210107(547).swift */,
				60793C6C25A86EE000DF261D /* 210108(189).swift */,
				608FB1F825AAAB4C0038625E /* 210110(228).swift */,
				608FB23225AED5A00038625E /* 210113(684).swift */,
				608FB23625AF39640038625E /* 210113-2(56).swift */,
				608FB23D25B09A5C0038625E /* 210114(1018).swift */,
				608FB24125B2F7E00038625E /* 210115(947).swift */,
				608FB24625B527090038625E /* 210117(1232).swift */,
				608FB24A25B52E160038625E /* 210118(721).swift */,
				608FB24E25B7C7240038625E /* 210120(678).swift */,
				608FB26D25BB0AF60038625E /* 210122(989).swift */,
				608FB27125BD265C0038625E /* 210124.swift */,
			);
			path = "1月";
			sourceTree = "<group>";
		};
		60A4D0F925EC739900147888 /* 3月 */ = {
			isa = PBXGroup;
			children = (
				60A4D0F625EC739200147888 /* 20210301(303).swift */,
				60A4D11725EE61DF00147888 /* 20210302(304).swift */,
				60A4D11B25EF25B500147888 /* 20210303(338).swift */,
				60A4D14525F06C4D00147888 /* 20210304(354).swift */,
				60C46A5025FC5D38003554B0 /* 20210305(232).swift */,
				60C46A5325FC6168003554B0 /* 0313(705)滑动窗口.swift */,
				6062541625FD9D0000BBB40B /* 20210314(706).swift */,
				605BD91C26019330009A397C /* 20210317(54).swift */,
				60645F1C2602F7560072E202 /* 20210318(59).swift */,
				60639C222606F5570007D653 /* 20210321(73).swift */,
				60A5925A26083C46009F3972 /* 20210322(191).swift */,
				605FE84A260AC34500990F70 /* 20210324(456).swift */,
				605CA3E0260C87D60029C403 /* 20210325(82).swift */,
				606440EA260DA31E00B2369B /* 20210326(83).swift */,
				6051E0BC260DDF9B003C817E /* (4).swift */,
				6051E0BF260ED566003C817E /* 20210327(61)(5).swift */,
				6061577A2610550100CCCF93 /* 20210328(173).swift */,
				6070A6A026116E5D00C8B713 /* 20210329(190).swift */,
				605CD8422612F25500E8B4D5 /* 20210330.swift */,
				60638D2726141879007AB9C2 /* 20210331(90).swift */,
			);
			path = "3月";
			sourceTree = "<group>";
		};
		60ACEF0A25C7ACE70070E394 /* 2月 */ = {
			isa = PBXGroup;
			children = (
				60ACEF0725C7ACE20070E394 /* 210201(888).swift */,
				60ACEF0D25C978B70070E394 /* 210202(424).swift */,
				60A4D0F325EBD55200147888 /* 210228(896).swift */,
			);
			path = "2月";
			sourceTree = "<group>";
		};
/* End PBXGroup section */

/* Begin PBXNativeTarget section */
		60793C14259FED9200DF261D /* 2021Leetcode */ = {
			isa = PBXNativeTarget;
			buildConfigurationList = 60793C1C259FED9200DF261D /* Build configuration list for PBXNativeTarget "2021Leetcode" */;
			buildPhases = (
				60793C11259FED9200DF261D /* Sources */,
				60793C12259FED9200DF261D /* Frameworks */,
				60793C13259FED9200DF261D /* CopyFiles */,
			);
			buildRules = (
			);
			dependencies = (
			);
			name = 2021Leetcode;
			productName = 2021Leetcode;
			productReference = 60793C15259FED9200DF261D /* 2021Leetcode */;
			productType = "com.apple.product-type.tool";
		};
/* End PBXNativeTarget section */

/* Begin PBXProject section */
		60793C0D259FED9200DF261D /* Project object */ = {
			isa = PBXProject;
			attributes = {
				LastSwiftUpdateCheck = 1230;
				LastUpgradeCheck = 1240;
				TargetAttributes = {
					60793C14259FED9200DF261D = {
						CreatedOnToolsVersion = 12.3;
					};
				};
			};
			buildConfigurationList = 60793C10259FED9200DF261D /* Build configuration list for PBXProject "2021Leetcode" */;
			compatibilityVersion = "Xcode 9.3";
			developmentRegion = en;
			hasScannedForEncodings = 0;
			knownRegions = (
				en,
				Base,
			);
			mainGroup = 60793C0C259FED9200DF261D;
			productRefGroup = 60793C16259FED9200DF261D /* Products */;
			projectDirPath = "";
			projectRoot = "";
			targets = (
				60793C14259FED9200DF261D /* 2021Leetcode */,
			);
		};
/* End PBXProject section */

/* Begin PBXSourcesBuildPhase section */
		60793C11259FED9200DF261D /* Sources */ = {
			isa = PBXSourcesBuildPhase;
			buildActionMask = 2147483647;
			files = (
				60645F1D2602F7560072E202 /* 20210318(59).swift in Sources */,
				60793C6D25A86EE000DF261D /* 210108(189).swift in Sources */,
				608FB23325AED5A00038625E /* 210113(684).swift in Sources */,
				605F80BB2616A0C7004B5D35 /* 20210402(42).swift in Sources */,
				608FB23725AF39640038625E /* 210113-2(56).swift in Sources */,
				6070A6A126116E5D00C8B713 /* 20210329(190).swift in Sources */,
				605BD91D26019330009A397C /* 20210317(54).swift in Sources */,
				6061577B2610550100CCCF93 /* 20210328(173).swift in Sources */,
				6060F65F261960AB006160C4 /* 20210404(781).swift in Sources */,
				60C46A5425FC6168003554B0 /* 0313(705)滑动窗口.swift in Sources */,
				60ACEF0825C7ACE20070E394 /* 210201(888).swift in Sources */,
				6060F665261A84BF006160C4 /* 20210405(88).swift in Sources */,
				606440EB260DA31E00B2369B /* 20210326(83).swift in Sources */,
				60793C6125A6C93000DF261D /* 210104(509).swift in Sources */,
				605CA3E1260C87D60029C403 /* 20210325(82).swift in Sources */,
				60793C5B25A5B0A800DF261D /* 210106(399).swift in Sources */,
				6060F65C26183275006160C4 /* 20210403(1143).swift in Sources */,
				60639C232606F5570007D653 /* 20210321(73).swift in Sources */,
				605CD8432612F25500E8B4D5 /* 20210330.swift in Sources */,
				608FB24725B527090038625E /* 210117(1232).swift in Sources */,
				604E0B5A2615E13400F00D68 /* 20210401(480).swift in Sources */,
				608FB24B25B52E160038625E /* 210118(721).swift in Sources */,
				6051E0C0260ED566003C817E /* 20210327(61)(5).swift in Sources */,
				605FE84B260AC34500990F70 /* 20210324(456).swift in Sources */,
				608FB23E25B09A5C0038625E /* 210114(1018).swift in Sources */,
				60A4D0F725EC739200147888 /* 20210301(303).swift in Sources */,
				60793C21259FEDA100DF261D /* 210101(605).swift in Sources */,
				60A5925B26083C46009F3972 /* 20210322(191).swift in Sources */,
				60793C5725A4A5C400DF261D /* 210105(830).swift in Sources */,
				60A4D11825EE61DF00147888 /* 20210302(304).swift in Sources */,
				6062541725FD9D0000BBB40B /* 20210314(706).swift in Sources */,
				60A4D0F425EBD55200147888 /* 210228(896).swift in Sources */,
				60C46A5125FC5D38003554B0 /* 20210305(232).swift in Sources */,
				60793C6425A6CF8900DF261D /* 210107(547).swift in Sources */,
				608FB1F925AAAB4C0038625E /* 210110(228).swift in Sources */,
				608FB24225B2F7E00038625E /* 210115(947).swift in Sources */,
				60A4D11C25EF25B500147888 /* 20210303(338).swift in Sources */,
				608FB27225BD265C0038625E /* 210124.swift in Sources */,
				6051E0BD260DDF9B003C817E /* (4).swift in Sources */,
				60793C19259FED9200DF261D /* main.swift in Sources */,
				60638D2826141879007AB9C2 /* 20210331(90).swift in Sources */,
				608FB24F25B7C7240038625E /* 210120(678).swift in Sources */,
				608FB26E25BB0AF60038625E /* 210122(989).swift in Sources */,
				60ACEF0E25C978B70070E394 /* 210202(424).swift in Sources */,
				60A4D14625F06C4D00147888 /* 20210304(354).swift in Sources */,
			);
			runOnlyForDeploymentPostprocessing = 0;
		};
/* End PBXSourcesBuildPhase section */

/* Begin XCBuildConfiguration section */
		60793C1A259FED9200DF261D /* Debug */ = {
			isa = XCBuildConfiguration;
			buildSettings = {
				ALWAYS_SEARCH_USER_PATHS = NO;
				CLANG_ANALYZER_NONNULL = YES;
				CLANG_ANALYZER_NUMBER_OBJECT_CONVERSION = YES_AGGRESSIVE;
				CLANG_CXX_LANGUAGE_STANDARD = "gnu++14";
				CLANG_CXX_LIBRARY = "libc++";
				CLANG_ENABLE_MODULES = YES;
				CLANG_ENABLE_OBJC_ARC = YES;
				CLANG_ENABLE_OBJC_WEAK = YES;
				CLANG_WARN_BLOCK_CAPTURE_AUTORELEASING = YES;
				CLANG_WARN_BOOL_CONVERSION = YES;
				CLANG_WARN_COMMA = YES;
				CLANG_WARN_CONSTANT_CONVERSION = YES;
				CLANG_WARN_DEPRECATED_OBJC_IMPLEMENTATIONS = YES;
				CLANG_WARN_DIRECT_OBJC_ISA_USAGE = YES_ERROR;
				CLANG_WARN_DOCUMENTATION_COMMENTS = YES;
				CLANG_WARN_EMPTY_BODY = YES;
				CLANG_WARN_ENUM_CONVERSION = YES;
				CLANG_WARN_INFINITE_RECURSION = YES;
				CLANG_WARN_INT_CONVERSION = YES;
				CLANG_WARN_NON_LITERAL_NULL_CONVERSION = YES;
				CLANG_WARN_OBJC_IMPLICIT_RETAIN_SELF = YES;
				CLANG_WARN_OBJC_LITERAL_CONVERSION = YES;
				CLANG_WARN_OBJC_ROOT_CLASS = YES_ERROR;
				CLANG_WARN_QUOTED_INCLUDE_IN_FRAMEWORK_HEADER = YES;
				CLANG_WARN_RANGE_LOOP_ANALYSIS = YES;
				CLANG_WARN_STRICT_PROTOTYPES = YES;
				CLANG_WARN_SUSPICIOUS_MOVE = YES;
				CLANG_WARN_UNGUARDED_AVAILABILITY = YES_AGGRESSIVE;
				CLANG_WARN_UNREACHABLE_CODE = YES;
				CLANG_WARN__DUPLICATE_METHOD_MATCH = YES;
				COPY_PHASE_STRIP = NO;
				DEBUG_INFORMATION_FORMAT = dwarf;
				ENABLE_STRICT_OBJC_MSGSEND = YES;
				ENABLE_TESTABILITY = YES;
				GCC_C_LANGUAGE_STANDARD = gnu11;
				GCC_DYNAMIC_NO_PIC = NO;
				GCC_NO_COMMON_BLOCKS = YES;
				GCC_OPTIMIZATION_LEVEL = 0;
				GCC_PREPROCESSOR_DEFINITIONS = (
					"DEBUG=1",
					"$(inherited)",
				);
				GCC_WARN_64_TO_32_BIT_CONVERSION = YES;
				GCC_WARN_ABOUT_RETURN_TYPE = YES_ERROR;
				GCC_WARN_UNDECLARED_SELECTOR = YES;
				GCC_WARN_UNINITIALIZED_AUTOS = YES_AGGRESSIVE;
				GCC_WARN_UNUSED_FUNCTION = YES;
				GCC_WARN_UNUSED_VARIABLE = YES;
				MACOSX_DEPLOYMENT_TARGET = 11.0;
				MTL_ENABLE_DEBUG_INFO = INCLUDE_SOURCE;
				MTL_FAST_MATH = YES;
				ONLY_ACTIVE_ARCH = YES;
				SDKROOT = macosx;
				SWIFT_ACTIVE_COMPILATION_CONDITIONS = DEBUG;
				SWIFT_OPTIMIZATION_LEVEL = "-Onone";
			};
			name = Debug;
		};
		60793C1B259FED9200DF261D /* Release */ = {
			isa = XCBuildConfiguration;
			buildSettings = {
				ALWAYS_SEARCH_USER_PATHS = NO;
				CLANG_ANALYZER_NONNULL = YES;
				CLANG_ANALYZER_NUMBER_OBJECT_CONVERSION = YES_AGGRESSIVE;
				CLANG_CXX_LANGUAGE_STANDARD = "gnu++14";
				CLANG_CXX_LIBRARY = "libc++";
				CLANG_ENABLE_MODULES = YES;
				CLANG_ENABLE_OBJC_ARC = YES;
				CLANG_ENABLE_OBJC_WEAK = YES;
				CLANG_WARN_BLOCK_CAPTURE_AUTORELEASING = YES;
				CLANG_WARN_BOOL_CONVERSION = YES;
				CLANG_WARN_COMMA = YES;
				CLANG_WARN_CONSTANT_CONVERSION = YES;
				CLANG_WARN_DEPRECATED_OBJC_IMPLEMENTATIONS = YES;
				CLANG_WARN_DIRECT_OBJC_ISA_USAGE = YES_ERROR;
				CLANG_WARN_DOCUMENTATION_COMMENTS = YES;
				CLANG_WARN_EMPTY_BODY = YES;
				CLANG_WARN_ENUM_CONVERSION = YES;
				CLANG_WARN_INFINITE_RECURSION = YES;
				CLANG_WARN_INT_CONVERSION = YES;
				CLANG_WARN_NON_LITERAL_NULL_CONVERSION = YES;
				CLANG_WARN_OBJC_IMPLICIT_RETAIN_SELF = YES;
				CLANG_WARN_OBJC_LITERAL_CONVERSION = YES;
				CLANG_WARN_OBJC_ROOT_CLASS = YES_ERROR;
				CLANG_WARN_QUOTED_INCLUDE_IN_FRAMEWORK_HEADER = YES;
				CLANG_WARN_RANGE_LOOP_ANALYSIS = YES;
				CLANG_WARN_STRICT_PROTOTYPES = YES;
				CLANG_WARN_SUSPICIOUS_MOVE = YES;
				CLANG_WARN_UNGUARDED_AVAILABILITY = YES_AGGRESSIVE;
				CLANG_WARN_UNREACHABLE_CODE = YES;
				CLANG_WARN__DUPLICATE_METHOD_MATCH = YES;
				COPY_PHASE_STRIP = NO;
				DEBUG_INFORMATION_FORMAT = "dwarf-with-dsym";
				ENABLE_NS_ASSERTIONS = NO;
				ENABLE_STRICT_OBJC_MSGSEND = YES;
				GCC_C_LANGUAGE_STANDARD = gnu11;
				GCC_NO_COMMON_BLOCKS = YES;
				GCC_WARN_64_TO_32_BIT_CONVERSION = YES;
				GCC_WARN_ABOUT_RETURN_TYPE = YES_ERROR;
				GCC_WARN_UNDECLARED_SELECTOR = YES;
				GCC_WARN_UNINITIALIZED_AUTOS = YES_AGGRESSIVE;
				GCC_WARN_UNUSED_FUNCTION = YES;
				GCC_WARN_UNUSED_VARIABLE = YES;
				MACOSX_DEPLOYMENT_TARGET = 11.0;
				MTL_ENABLE_DEBUG_INFO = NO;
				MTL_FAST_MATH = YES;
				SDKROOT = macosx;
				SWIFT_COMPILATION_MODE = wholemodule;
				SWIFT_OPTIMIZATION_LEVEL = "-O";
			};
			name = Release;
		};
		60793C1D259FED9200DF261D /* Debug */ = {
			isa = XCBuildConfiguration;
			buildSettings = {
				CODE_SIGN_IDENTITY = "-";
				CODE_SIGN_STYLE = Automatic;
				DEVELOPMENT_TEAM = 65972SHM9W;
				ENABLE_HARDENED_RUNTIME = YES;
				PRODUCT_NAME = "$(TARGET_NAME)";
				SWIFT_VERSION = 5.0;
			};
			name = Debug;
		};
		60793C1E259FED9200DF261D /* Release */ = {
			isa = XCBuildConfiguration;
			buildSettings = {
				CODE_SIGN_IDENTITY = "-";
				CODE_SIGN_STYLE = Automatic;
				DEVELOPMENT_TEAM = 65972SHM9W;
				ENABLE_HARDENED_RUNTIME = YES;
				PRODUCT_NAME = "$(TARGET_NAME)";
				SWIFT_VERSION = 5.0;
			};
			name = Release;
		};
/* End XCBuildConfiguration section */

/* Begin XCConfigurationList section */
		60793C10259FED9200DF261D /* Build configuration list for PBXProject "2021Leetcode" */ = {
			isa = XCConfigurationList;
			buildConfigurations = (
				60793C1A259FED9200DF261D /* Debug */,
				60793C1B259FED9200DF261D /* Release */,
			);
			defaultConfigurationIsVisible = 0;
			defaultConfigurationName = Release;
		};
		60793C1C259FED9200DF261D /* Build configuration list for PBXNativeTarget "2021Leetcode" */ = {
			isa = XCConfigurationList;
			buildConfigurations = (
				60793C1D259FED9200DF261D /* Debug */,
				60793C1E259FED9200DF261D /* Release */,
			);
			defaultConfigurationIsVisible = 0;
			defaultConfigurationName = Release;
		};
/* End XCConfigurationList section */
	};
	rootObject = 60793C0D259FED9200DF261D /* Project object */;
}
